
Microsoft Visual Studio Solution File, Format Version 12.00
# Visual Studio Version 17
VisualStudioVersion = 17.4.33205.214
MinimumVisualStudioVersion = 10.0.40219.1
Project("{9A19103F-16F7-4668-BE54-9A1E7A4F7556}") = "01-WF-Intro", "01-WF-Intro\01-WF-Intro.csproj", "{0F3D0E21-327C-49DB-8A58-C0A8CCB8691E}"
EndProject
Project("{9A19103F-16F7-4668-BE54-9A1E7A4F7556}") = "02-DinamikButton", "02-DinamikButton\02-DinamikButton.csproj", "{7F8B3835-4E19-4D02-A3B2-DEC86BC70FED}"
EndProject
Project("{9A19103F-16F7-4668-BE54-9A1E7A4F7556}") = "03-SayiTahminOyunu", "03-SayiTahminOyunu\03-SayiTahminOyunu.csproj", "{47A3CA4C-7337-4789-9BD3-F24E7D75CC74}"
EndProject
Project("{FAE04EC0-301F-11D3-BF4B-00C04F79EFBC}") = "04-StudentProject", "04-StudentProject\04-StudentProject.csproj", "{C3167C63-99C4-4731-A35F-187AE7057008}"
EndProject
Global
	GlobalSection(SolutionConfigurationPlatforms) = preSolution
		Debug|Any CPU = Debug|Any CPU
		Release|Any CPU = Release|Any CPU
	EndGlobalSection
	GlobalSection(ProjectConfigurationPlatforms) = postSolution
		{0F3D0E21-327C-49DB-8A58-C0A8CCB8691E}.Debug|Any CPU.ActiveCfg = Debug|Any CPU
		{0F3D0E21-327C-49DB-8A58-C0A8CCB8691E}.Debug|Any CPU.Build.0 = Debug|Any CPU
		{0F3D0E21-327C-49DB-8A58-C0A8CCB8691E}.Release|Any CPU.ActiveCfg = Release|Any CPU
		{0F3D0E21-327C-49DB-8A58-C0A8CCB8691E}.Release|Any CPU.Build.0 = Release|Any CPU
		{7F8B3835-4E19-4D02-A3B2-DEC86BC70FED}.Debug|Any CPU.ActiveCfg = Debug|Any CPU
		{7F8B3835-4E19-4D02-A3B2-DEC86BC70FED}.Debug|Any CPU.Build.0 = Debug|Any CPU
		{7F8B3835-4E19-4D02-A3B2-DEC86BC70FED}.Release|Any CPU.ActiveCfg = Release|Any CPU
		{7F8B3835-4E19-4D02-A3B2-DEC86BC70FED}.Release|Any CPU.Build.0 = Release|Any CPU
		{47A3CA4C-7337-4789-9BD3-F24E7D75CC74}.Debug|Any CPU.ActiveCfg = Debug|Any CPU
		{47A3CA4C-7337-4789-9BD3-F24E7D75CC74}.Debug|Any CPU.Build.0 = Debug|Any CPU
		{47A3CA4C-7337-4789-9BD3-F24E7D75CC74}.Release|Any CPU.ActiveCfg = Release|Any CPU
		{47A3CA4C-7337-4789-9BD3-F24E7D75CC74}.Release|Any CPU.Build.0 = Release|Any CPU
		{C3167C63-99C4-4731-A35F-187AE7057008}.Debug|Any CPU.ActiveCfg = Debug|Any CPU
		{C3167C63-99C4-4731-A35F-187AE7057008}.Debug|Any CPU.Build.0 = Debug|Any CPU
		{C3167C63-99C4-4731-A35F-187AE7057008}.Release|Any CPU.ActiveCfg = Release|Any CPU
		{C3167C63-99C4-4731-A35F-187AE7057008}.Release|Any CPU.Build.0 = Release|Any CPU
	EndGlobalSection
	GlobalSection(SolutionProperties) = preSolution
		HideSolutionNode = FALSE
	EndGlobalSection
	GlobalSection(ExtensibilityGlobals) = postSolution
		SolutionGuid = {1BFD13FD-6FB5-4980-B3EC-A46BD56D1182}
	EndGlobalSection
EndGlobal
